{
    "name": "com.google.play.games",
    "version": "0.11.01",
    "lockfileVersion": 3,
    "requires": true,
    "packages": {
        "": {
            "name": "com.google.play.games",
            "version": "0.11.01",
            "dependencies": {
                "com.google.play.games": "file:"
            }
        },
        "node_modules/com.google.play.games": {
            "resolved": "",
            "link": true
        }
    }
}
